
Microsoft Visual Studio Solution File, Format Version 12.00
# Visual Studio Version 16
VisualStudioVersion = 16.0.29209.62
MinimumVisualStudioVersion = 10.0.40219.1
Project("{FAE04EC0-301F-11D3-BF4B-00C04F79EFBC}") = "0.2.SIMPLE", "0.2.SIMPLE\0.2.SIMPLE.csproj", "{F946013C-211D-42AB-A7BE-D58D4742FAEA}"
EndProject
Global
	GlobalSection(SolutionConfigurationPlatforms) = preSolution
		Debug|Any CPU = Debug|Any CPU
		Release|Any CPU = Release|Any CPU
	EndGlobalSection
	GlobalSection(ProjectConfigurationPlatforms) = postSolution
		{F946013C-211D-42AB-A7BE-D58D4742FAEA}.Debug|Any CPU.ActiveCfg = Debug|Any CPU
		{F946013C-211D-42AB-A7BE-D58D4742FAEA}.Debug|Any CPU.Build.0 = Debug|Any CPU
		{F946013C-211D-42AB-A7BE-D58D4742FAEA}.Release|Any CPU.ActiveCfg = Release|Any CPU
		{F946013C-211D-42AB-A7BE-D58D4742FAEA}.Release|Any CPU.Build.0 = Release|Any CPU
	EndGlobalSection
	GlobalSection(SolutionProperties) = preSolution
		HideSolutionNode = FALSE
	EndGlobalSection
	GlobalSection(ExtensibilityGlobals) = postSolution
		SolutionGuid = {918A2BC1-7A8E-4FD0-A1DC-B53FDF39A834}
	EndGlobalSection
EndGlobal
