
Microsoft Visual Studio Solution File, Format Version 12.00
# Visual Studio Version 16
VisualStudioVersion = 16.0.29209.62
MinimumVisualStudioVersion = 10.0.40219.1
Project("{FAE04EC0-301F-11D3-BF4B-00C04F79EFBC}") = "1.12. CHAR DOUBLER", "1.12. CHAR DOUBLER\1.12. CHAR DOUBLER.csproj", "{C753F978-37A7-4657-BB74-E6A8773A4FBA}"
EndProject
Global
	GlobalSection(SolutionConfigurationPlatforms) = preSolution
		Debug|Any CPU = Debug|Any CPU
		Release|Any CPU = Release|Any CPU
	EndGlobalSection
	GlobalSection(ProjectConfigurationPlatforms) = postSolution
		{C753F978-37A7-4657-BB74-E6A8773A4FBA}.Debug|Any CPU.ActiveCfg = Debug|Any CPU
		{C753F978-37A7-4657-BB74-E6A8773A4FBA}.Debug|Any CPU.Build.0 = Debug|Any CPU
		{C753F978-37A7-4657-BB74-E6A8773A4FBA}.Release|Any CPU.ActiveCfg = Release|Any CPU
		{C753F978-37A7-4657-BB74-E6A8773A4FBA}.Release|Any CPU.Build.0 = Release|Any CPU
	EndGlobalSection
	GlobalSection(SolutionProperties) = preSolution
		HideSolutionNode = FALSE
	EndGlobalSection
	GlobalSection(ExtensibilityGlobals) = postSolution
		SolutionGuid = {CADBE063-2FDF-467F-B495-5AA89BBE2F76}
	EndGlobalSection
EndGlobal
