
Microsoft Visual Studio Solution File, Format Version 12.00
# Visual Studio Version 16
VisualStudioVersion = 16.0.29209.62
MinimumVisualStudioVersion = 10.0.40219.1
Project("{FAE04EC0-301F-11D3-BF4B-00C04F79EFBC}") = "1.10. 2D ARRAY", "1.10. 2D ARRAY\1.10. 2D ARRAY.csproj", "{8FDD912E-9BD1-402C-B682-74D05BA126EA}"
EndProject
Global
	GlobalSection(SolutionConfigurationPlatforms) = preSolution
		Debug|Any CPU = Debug|Any CPU
		Release|Any CPU = Release|Any CPU
	EndGlobalSection
	GlobalSection(ProjectConfigurationPlatforms) = postSolution
		{8FDD912E-9BD1-402C-B682-74D05BA126EA}.Debug|Any CPU.ActiveCfg = Debug|Any CPU
		{8FDD912E-9BD1-402C-B682-74D05BA126EA}.Debug|Any CPU.Build.0 = Debug|Any CPU
		{8FDD912E-9BD1-402C-B682-74D05BA126EA}.Release|Any CPU.ActiveCfg = Release|Any CPU
		{8FDD912E-9BD1-402C-B682-74D05BA126EA}.Release|Any CPU.Build.0 = Release|Any CPU
	EndGlobalSection
	GlobalSection(SolutionProperties) = preSolution
		HideSolutionNode = FALSE
	EndGlobalSection
	GlobalSection(ExtensibilityGlobals) = postSolution
		SolutionGuid = {E688D332-D6DB-470E-A119-02C230E68C10}
	EndGlobalSection
EndGlobal
