
Microsoft Visual Studio Solution File, Format Version 12.00
# Visual Studio Version 16
VisualStudioVersion = 16.0.29209.62
MinimumVisualStudioVersion = 10.0.40219.1
Project("{FAE04EC0-301F-11D3-BF4B-00C04F79EFBC}") = "0.4.ARRAY", "0.4.ARRAY\0.4.ARRAY.csproj", "{B6FD3E70-06B6-4F76-B7CF-FD6F1F9D3F25}"
EndProject
Global
	GlobalSection(SolutionConfigurationPlatforms) = preSolution
		Debug|Any CPU = Debug|Any CPU
		Release|Any CPU = Release|Any CPU
	EndGlobalSection
	GlobalSection(ProjectConfigurationPlatforms) = postSolution
		{B6FD3E70-06B6-4F76-B7CF-FD6F1F9D3F25}.Debug|Any CPU.ActiveCfg = Debug|Any CPU
		{B6FD3E70-06B6-4F76-B7CF-FD6F1F9D3F25}.Debug|Any CPU.Build.0 = Debug|Any CPU
		{B6FD3E70-06B6-4F76-B7CF-FD6F1F9D3F25}.Release|Any CPU.ActiveCfg = Release|Any CPU
		{B6FD3E70-06B6-4F76-B7CF-FD6F1F9D3F25}.Release|Any CPU.Build.0 = Release|Any CPU
	EndGlobalSection
	GlobalSection(SolutionProperties) = preSolution
		HideSolutionNode = FALSE
	EndGlobalSection
	GlobalSection(ExtensibilityGlobals) = postSolution
		SolutionGuid = {A29CA06E-D700-45CC-8ACF-FE1FB12437EB}
	EndGlobalSection
EndGlobal
