
Microsoft Visual Studio Solution File, Format Version 12.00
# Visual Studio Version 16
VisualStudioVersion = 16.0.29609.76
MinimumVisualStudioVersion = 10.0.40219.1
Project("{FAE04EC0-301F-11D3-BF4B-00C04F79EFBC}") = "5", "5\5.csproj", "{47487D54-FC7E-4298-B678-FAE6E86C84C6}"
EndProject
Global
	GlobalSection(SolutionConfigurationPlatforms) = preSolution
		Debug|Any CPU = Debug|Any CPU
		Release|Any CPU = Release|Any CPU
	EndGlobalSection
	GlobalSection(ProjectConfigurationPlatforms) = postSolution
		{47487D54-FC7E-4298-B678-FAE6E86C84C6}.Debug|Any CPU.ActiveCfg = Debug|Any CPU
		{47487D54-FC7E-4298-B678-FAE6E86C84C6}.Debug|Any CPU.Build.0 = Debug|Any CPU
		{47487D54-FC7E-4298-B678-FAE6E86C84C6}.Release|Any CPU.ActiveCfg = Release|Any CPU
		{47487D54-FC7E-4298-B678-FAE6E86C84C6}.Release|Any CPU.Build.0 = Release|Any CPU
	EndGlobalSection
	GlobalSection(SolutionProperties) = preSolution
		HideSolutionNode = FALSE
	EndGlobalSection
	GlobalSection(ExtensibilityGlobals) = postSolution
		SolutionGuid = {D45CE10F-20E5-4521-8F11-30ED3EBE868C}
	EndGlobalSection
EndGlobal
