
Microsoft Visual Studio Solution File, Format Version 12.00
# Visual Studio Version 16
VisualStudioVersion = 16.0.29209.62
MinimumVisualStudioVersion = 10.0.40219.1
Project("{9A19103F-16F7-4668-BE54-9A1E7A4F7556}") = "2.3.USER", "2.5.EMLOYEE\2.3.USER.csproj", "{81DE5C20-29FE-40D4-8C7D-AABE6EC64A84}"
EndProject
Global
	GlobalSection(SolutionConfigurationPlatforms) = preSolution
		Debug|Any CPU = Debug|Any CPU
		Release|Any CPU = Release|Any CPU
	EndGlobalSection
	GlobalSection(ProjectConfigurationPlatforms) = postSolution
		{81DE5C20-29FE-40D4-8C7D-AABE6EC64A84}.Debug|Any CPU.ActiveCfg = Debug|Any CPU
		{81DE5C20-29FE-40D4-8C7D-AABE6EC64A84}.Debug|Any CPU.Build.0 = Debug|Any CPU
		{81DE5C20-29FE-40D4-8C7D-AABE6EC64A84}.Release|Any CPU.ActiveCfg = Release|Any CPU
		{81DE5C20-29FE-40D4-8C7D-AABE6EC64A84}.Release|Any CPU.Build.0 = Release|Any CPU
	EndGlobalSection
	GlobalSection(SolutionProperties) = preSolution
		HideSolutionNode = FALSE
	EndGlobalSection
	GlobalSection(ExtensibilityGlobals) = postSolution
		SolutionGuid = {ACBAE20E-FF5A-4AB4-8CDF-3EE4BAA60272}
	EndGlobalSection
EndGlobal
